
Microsoft Visual Studio Solution File, Format Version 12.00
# Visual Studio Version 17
VisualStudioVersion = 17.7.34024.191
MinimumVisualStudioVersion = 10.0.40219.1
Project("{FAE04EC0-301F-11D3-BF4B-00C04F79EFBC}") = "Tarea2", "Tarea2\Tarea2.csproj", "{4EE64222-2435-4754-BADC-D172EB007C25}"
EndProject
Global
	GlobalSection(SolutionConfigurationPlatforms) = preSolution
		Debug|Any CPU = Debug|Any CPU
		Release|Any CPU = Release|Any CPU
	EndGlobalSection
	GlobalSection(ProjectConfigurationPlatforms) = postSolution
		{4EE64222-2435-4754-BADC-D172EB007C25}.Debug|Any CPU.ActiveCfg = Debug|Any CPU
		{4EE64222-2435-4754-BADC-D172EB007C25}.Debug|Any CPU.Build.0 = Debug|Any CPU
		{4EE64222-2435-4754-BADC-D172EB007C25}.Release|Any CPU.ActiveCfg = Release|Any CPU
		{4EE64222-2435-4754-BADC-D172EB007C25}.Release|Any CPU.Build.0 = Release|Any CPU
	EndGlobalSection
	GlobalSection(SolutionProperties) = preSolution
		HideSolutionNode = FALSE
	EndGlobalSection
	GlobalSection(ExtensibilityGlobals) = postSolution
		SolutionGuid = {DE2618B7-F048-4B8E-8489-178F9651C9D0}
	EndGlobalSection
EndGlobal
